github.com/clipperhouse/uax29/v2 v2.2.0 h1:ChwIKnQN3kcZteTXMgb1wztSgaU+ZemkgWdohwgs8tY=
github.com/clipperhouse/uax29/v2 v2.2.0/go.mod h1:EFJ2TJMRUaplDxHKj1qAEhCtQPW2tJSwu5BF98AuoVM=
github.com/dhamith93/systats v0.2.0 h1:NG6AJTRU6I5ELFPt7/W5Anv53Nv94zhhBwX3AcOmgQg=
github.com/dhamith93/systats v0.2.0/go.mod h1:NBgEXSlRZa45urXVKwl9Wp0cfOHKgWNT/dIMWS2pu8M=
github.com/mattn/go-runewidth v0.0.19 h1:v++JhqYnZuu5jSKrk9RbgF5v4CGUjqRfBm05byFGLdw=
github.com/mattn/go-runewidth v0.0.19/go.mod h1:XBkDxAl56ILZc9knddidhrOlY5R/pDhgLpndooCuJAs=
